
Microsoft Visual Studio Solution File, Format Version 12.00
Project("{FAE04EC0-301F-11D3-BF4B-00C04F79EFBC}") = "UnrealBuildTool", "UnrealBuildTool\UnrealBuildTool.csproj", "{371DED2F-2223-4DA0-9286-9CF2493ACD28}"
EndProject
Global
	GlobalSection(SolutionConfigurationPlatforms) = preSolution
		Debug|Any CPU = Debug|Any CPU
		Release|Any CPU = Release|Any CPU
	EndGlobalSection
	GlobalSection(ProjectConfigurationPlatforms) = postSolution
		{371DED2F-2223-4DA0-9286-9CF2493ACD28}.Debug|Any CPU.ActiveCfg = Debug|Any CPU
		{371DED2F-2223-4DA0-9286-9CF2493ACD28}.Debug|Any CPU.Build.0 = Debug|Any CPU
		{371DED2F-2223-4DA0-9286-9CF2493ACD28}.Release|Any CPU.ActiveCfg = Release|Any CPU
		{371DED2F-2223-4DA0-9286-9CF2493ACD28}.Release|Any CPU.Build.0 = Release|Any CPU
	EndGlobalSection
EndGlobal
